
Microsoft Visual Studio Solution File, Format Version 12.00
# Visual Studio Version 17
VisualStudioVersion = 17.4.33205.214
MinimumVisualStudioVersion = 10.0.40219.1
Project("{FAE04EC0-301F-11D3-BF4B-00C04F79EFBC}") = "Chatty", "Chatty\Chatty.csproj", "{7F2412BA-2B0B-4D4C-AFE9-7F6212A8A72A}"
EndProject
Global
	GlobalSection(SolutionConfigurationPlatforms) = preSolution
		Debug|Any CPU = Debug|Any CPU
		Release|Any CPU = Release|Any CPU
	EndGlobalSection
	GlobalSection(ProjectConfigurationPlatforms) = postSolution
		{7F2412BA-2B0B-4D4C-AFE9-7F6212A8A72A}.Debug|Any CPU.ActiveCfg = Debug|Any CPU
		{7F2412BA-2B0B-4D4C-AFE9-7F6212A8A72A}.Debug|Any CPU.Build.0 = Debug|Any CPU
		{7F2412BA-2B0B-4D4C-AFE9-7F6212A8A72A}.Release|Any CPU.ActiveCfg = Release|Any CPU
		{7F2412BA-2B0B-4D4C-AFE9-7F6212A8A72A}.Release|Any CPU.Build.0 = Release|Any CPU
	EndGlobalSection
	GlobalSection(SolutionProperties) = preSolution
		HideSolutionNode = FALSE
	EndGlobalSection
	GlobalSection(ExtensibilityGlobals) = postSolution
		SolutionGuid = {F2ED793B-805F-4F05-82D6-22913E2923F7}
	EndGlobalSection
EndGlobal
